
Microsoft Visual Studio Solution File, Format Version 12.00
# Visual Studio Version 16
VisualStudioVersion = 16.0.30011.22
MinimumVisualStudioVersion = 10.0.40219.1
Project("{FAE04EC0-301F-11D3-BF4B-00C04F79EFBC}") = "WebRestaurant", "WebRestaurant\WebRestaurant.csproj", "{B1C71C55-36F6-44DA-A574-7EF5DBC886AA}"
EndProject
Global
	GlobalSection(SolutionConfigurationPlatforms) = preSolution
		Debug|Any CPU = Debug|Any CPU
		Release|Any CPU = Release|Any CPU
	EndGlobalSection
	GlobalSection(ProjectConfigurationPlatforms) = postSolution
		{B1C71C55-36F6-44DA-A574-7EF5DBC886AA}.Debug|Any CPU.ActiveCfg = Debug|Any CPU
		{B1C71C55-36F6-44DA-A574-7EF5DBC886AA}.Debug|Any CPU.Build.0 = Debug|Any CPU
		{B1C71C55-36F6-44DA-A574-7EF5DBC886AA}.Release|Any CPU.ActiveCfg = Release|Any CPU
		{B1C71C55-36F6-44DA-A574-7EF5DBC886AA}.Release|Any CPU.Build.0 = Release|Any CPU
	EndGlobalSection
	GlobalSection(SolutionProperties) = preSolution
		HideSolutionNode = FALSE
	EndGlobalSection
	GlobalSection(ExtensibilityGlobals) = postSolution
		SolutionGuid = {5E5BF487-BBD7-4858-A629-B67B4DB9A94F}
	EndGlobalSection
EndGlobal
